// !$*UTF8*$!
{
	archiveVersion = 1;
	classes = {
	};
	objectVersion = 77;
	objects = {

/* Begin PBXBuildFile section */
		00DF7F3AB0EF8DC2F96A5C66 /* HostsFileManager.swift in Sources */ = {isa = PBXBuildFile; fileRef = 94501653D77AD901A6618B61 /* HostsFileManager.swift */; };
		14107FA2AD9B512BB5CA8013 /* XPCProtocol.swift in Sources */ = {isa = PBXBuildFile; fileRef = 47E08F1CC86D3A261B50872C /* XPCProtocol.swift */; };
		18E1CDB44E329A99EFE7EC97 /* WakeDetector.swift in Sources */ = {isa = PBXBuildFile; fileRef = 1DD305B6D9F993163A578C2F /* WakeDetector.swift */; };
		1C1D4B59E938236353C4B444 /* OverrideGateView.swift in Sources */ = {isa = PBXBuildFile; fileRef = 1C76009CC1213941F8D9F32F /* OverrideGateView.swift */; };
		23119C4EC11D1438E70762BA /* ModeEngine.swift in Sources */ = {isa = PBXBuildFile; fileRef = EAE4A4DD304A9A43F1F37FB1 /* ModeEngine.swift */; };
		2E1FCC77F8C171333677BDB8 /* SolarCalculator.swift in Sources */ = {isa = PBXBuildFile; fileRef = 84B7131F6335654FFF3DB1A7 /* SolarCalculator.swift */; };
		3E023858424C1FF83F4FFE4F /* TimerEngine.swift in Sources */ = {isa = PBXBuildFile; fileRef = 4DFDCDCD6DDA6C92BC69F023 /* TimerEngine.swift */; };
		56F2D08A7854FE86B5F22C8C /* GRDB in Frameworks */ = {isa = PBXBuildFile; productRef = A95B6C1EF99D079BC4745C68 /* GRDB */; };
		59146943663A0DD806F16888 /* main.swift in Sources */ = {isa = PBXBuildFile; fileRef = 3F582C39671FCD0DFE7D3860 /* main.swift */; };
		66091E93CE0D905275E91B56 /* AppState.swift in Sources */ = {isa = PBXBuildFile; fileRef = 77BE1B7E8ECF5271132E33BE /* AppState.swift */; };
		6BF1E42CF100ACE553C2447C /* SharedConstants.swift in Sources */ = {isa = PBXBuildFile; fileRef = 95758A52902000061A600BFC /* SharedConstants.swift */; };
		6E7836201D3318C149A00A8C /* FocusError.swift in Sources */ = {isa = PBXBuildFile; fileRef = ABA23A2E6FD2028D5F3FB513 /* FocusError.swift */; };
		703598491A25D1AB5587F5C2 /* NotificationService.swift in Sources */ = {isa = PBXBuildFile; fileRef = 613D1E96FD012CD67E3740E0 /* NotificationService.swift */; };
		844D4102C8820659E4947C45 /* MenuBarManager.swift in Sources */ = {isa = PBXBuildFile; fileRef = DA1D35FFEADB21BACCED9B79 /* MenuBarManager.swift */; };
		86DFF87A5D28866E5279A3E6 /* MenuBarPopover.swift in Sources */ = {isa = PBXBuildFile; fileRef = 01B7E152BC26931113349139 /* MenuBarPopover.swift */; };
		88BA0ED7B12BD02C035AEAF8 /* BlockingEngine.swift in Sources */ = {isa = PBXBuildFile; fileRef = 4C39D070E7343D478F2DFE66 /* BlockingEngine.swift */; };
		9B436F1110C57798AA5270EB /* FocusApp.swift in Sources */ = {isa = PBXBuildFile; fileRef = A388CE6ABAEDA053B3E3C23A /* FocusApp.swift */; };
		9C4447722FA0DCF98A51DAC5 /* Session.swift in Sources */ = {isa = PBXBuildFile; fileRef = 8903DFBFE91E572BABEA2C40 /* Session.swift */; };
		9F671A250BDFCD91AEC010AB /* Constants.swift in Sources */ = {isa = PBXBuildFile; fileRef = 28A19E941C87187744B8A079 /* Constants.swift */; };
		A970072917D97D379F751E32 /* BlockingRulesTests.swift in Sources */ = {isa = PBXBuildFile; fileRef = E77BB56AE5F650A59B7406FD /* BlockingRulesTests.swift */; };
		AAF0D6FC55C1B886617DE9C0 /* InterceptionWindow.swift in Sources */ = {isa = PBXBuildFile; fileRef = 42826E92FB92A5CD5C3ABBC2 /* InterceptionWindow.swift */; };
		B1C99AD2B3D7B0C5E34195EA /* OnboardingView.swift in Sources */ = {isa = PBXBuildFile; fileRef = E7505453BEB8DD9672579890 /* OnboardingView.swift */; };
		C0E251390EDEED4A5FC74A8C /* Database.swift in Sources */ = {isa = PBXBuildFile; fileRef = 10039B928AE201B3C3E6824E /* Database.swift */; };
		C638D14AEF518E7E7D483855 /* LocationService.swift in Sources */ = {isa = PBXBuildFile; fileRef = 2048AEAB7AB0E195D3261EC0 /* LocationService.swift */; };
		D2A5C5E6E3721B4CB397B232 /* HostsFileWatcher.swift in Sources */ = {isa = PBXBuildFile; fileRef = AD33852147DF292E803C2A91 /* HostsFileWatcher.swift */; };
		D694A695AEE8C5CF3B2017BB /* XPCClient.swift in Sources */ = {isa = PBXBuildFile; fileRef = 52EF3E7E65E26990644E8D18 /* XPCClient.swift */; };
		DC6BE7C0ADE27D31D1F56E14 /* Override.swift in Sources */ = {isa = PBXBuildFile; fileRef = 92D3320B4B08617FFC5C2867 /* Override.swift */; };
		F7AE10C10417451899FE1C88 /* ScheduleEngine.swift in Sources */ = {isa = PBXBuildFile; fileRef = 3C427779EBE0B76329B6027D /* ScheduleEngine.swift */; };
		FA0BE4D5B6CA4924F5972CA1 /* XPCProtocol.swift in Sources */ = {isa = PBXBuildFile; fileRef = 47E08F1CC86D3A261B50872C /* XPCProtocol.swift */; };
		FACE1F1BC80966AF586B8813 /* SharedConstants.swift in Sources */ = {isa = PBXBuildFile; fileRef = 95758A52902000061A600BFC /* SharedConstants.swift */; };
		FF14896B287A76BE8C317D97 /* FocusMode.swift in Sources */ = {isa = PBXBuildFile; fileRef = 833CF29B883A2FB98E93CD11 /* FocusMode.swift */; };
/* End PBXBuildFile section */

/* Begin PBXContainerItemProxy section */
		1C6D9D0FFB997197F62952FD /* PBXContainerItemProxy */ = {
			isa = PBXContainerItemProxy;
			containerPortal = B9510AFBA5575B4A10DD7DE3 /* Project object */;
			proxyType = 1;
			remoteGlobalIDString = 35E5616ADFD8C6FFC06698FB;
			remoteInfo = Focus;
		};
/* End PBXContainerItemProxy section */

/* Begin PBXFileReference section */
		01B7E152BC26931113349139 /* MenuBarPopover.swift */ = {isa = PBXFileReference; lastKnownFileType = sourcecode.swift; path = MenuBarPopover.swift; sourceTree = "<group>"; };
		05B64F3F99390599B394963D /* Info.plist */ = {isa = PBXFileReference; lastKnownFileType = text.plist; path = Info.plist; sourceTree = "<group>"; };
		10039B928AE201B3C3E6824E /* Database.swift */ = {isa = PBXFileReference; lastKnownFileType = sourcecode.swift; path = Database.swift; sourceTree = "<group>"; };
		1C76009CC1213941F8D9F32F /* OverrideGateView.swift */ = {isa = PBXFileReference; lastKnownFileType = sourcecode.swift; path = OverrideGateView.swift; sourceTree = "<group>"; };
		1DD305B6D9F993163A578C2F /* WakeDetector.swift */ = {isa = PBXFileReference; lastKnownFileType = sourcecode.swift; path = WakeDetector.swift; sourceTree = "<group>"; };
		2048AEAB7AB0E195D3261EC0 /* LocationService.swift */ = {isa = PBXFileReference; lastKnownFileType = sourcecode.swift; path = LocationService.swift; sourceTree = "<group>"; };
		28A19E941C87187744B8A079 /* Constants.swift */ = {isa = PBXFileReference; lastKnownFileType = sourcecode.swift; path = Constants.swift; sourceTree = "<group>"; };
		3C427779EBE0B76329B6027D /* ScheduleEngine.swift */ = {isa = PBXFileReference; lastKnownFileType = sourcecode.swift; path = ScheduleEngine.swift; sourceTree = "<group>"; };
		3F582C39671FCD0DFE7D3860 /* main.swift */ = {isa = PBXFileReference; lastKnownFileType = sourcecode.swift; path = main.swift; sourceTree = "<group>"; };
		42826E92FB92A5CD5C3ABBC2 /* InterceptionWindow.swift */ = {isa = PBXFileReference; lastKnownFileType = sourcecode.swift; path = InterceptionWindow.swift; sourceTree = "<group>"; };
		47E08F1CC86D3A261B50872C /* XPCProtocol.swift */ = {isa = PBXFileReference; lastKnownFileType = sourcecode.swift; path = XPCProtocol.swift; sourceTree = "<group>"; };
		4C39D070E7343D478F2DFE66 /* BlockingEngine.swift */ = {isa = PBXFileReference; lastKnownFileType = sourcecode.swift; path = BlockingEngine.swift; sourceTree = "<group>"; };
		4DFDCDCD6DDA6C92BC69F023 /* TimerEngine.swift */ = {isa = PBXFileReference; lastKnownFileType = sourcecode.swift; path = TimerEngine.swift; sourceTree = "<group>"; };
		518695297D7BAE60F854EF81 /* Focus.app */ = {isa = PBXFileReference; explicitFileType = wrapper.application; includeInIndex = 0; path = Focus.app; sourceTree = BUILT_PRODUCTS_DIR; };
		52EF3E7E65E26990644E8D18 /* XPCClient.swift */ = {isa = PBXFileReference; lastKnownFileType = sourcecode.swift; path = XPCClient.swift; sourceTree = "<group>"; };
		613D1E96FD012CD67E3740E0 /* NotificationService.swift */ = {isa = PBXFileReference; lastKnownFileType = sourcecode.swift; path = NotificationService.swift; sourceTree = "<group>"; };
		77BE1B7E8ECF5271132E33BE /* AppState.swift */ = {isa = PBXFileReference; lastKnownFileType = sourcecode.swift; path = AppState.swift; sourceTree = "<group>"; };
		833CF29B883A2FB98E93CD11 /* FocusMode.swift */ = {isa = PBXFileReference; lastKnownFileType = sourcecode.swift; path = FocusMode.swift; sourceTree = "<group>"; };
		84B7131F6335654FFF3DB1A7 /* SolarCalculator.swift */ = {isa = PBXFileReference; lastKnownFileType = sourcecode.swift; path = SolarCalculator.swift; sourceTree = "<group>"; };
		8903DFBFE91E572BABEA2C40 /* Session.swift */ = {isa = PBXFileReference; lastKnownFileType = sourcecode.swift; path = Session.swift; sourceTree = "<group>"; };
		92D3320B4B08617FFC5C2867 /* Override.swift */ = {isa = PBXFileReference; lastKnownFileType = sourcecode.swift; path = Override.swift; sourceTree = "<group>"; };
		94501653D77AD901A6618B61 /* HostsFileManager.swift */ = {isa = PBXFileReference; lastKnownFileType = sourcecode.swift; path = HostsFileManager.swift; sourceTree = "<group>"; };
		95758A52902000061A600BFC /* SharedConstants.swift */ = {isa = PBXFileReference; lastKnownFileType = sourcecode.swift; path = SharedConstants.swift; sourceTree = "<group>"; };
		A388CE6ABAEDA053B3E3C23A /* FocusApp.swift */ = {isa = PBXFileReference; lastKnownFileType = sourcecode.swift; path = FocusApp.swift; sourceTree = "<group>"; };
		ABA23A2E6FD2028D5F3FB513 /* FocusError.swift */ = {isa = PBXFileReference; lastKnownFileType = sourcecode.swift; path = FocusError.swift; sourceTree = "<group>"; };
		AD33852147DF292E803C2A91 /* HostsFileWatcher.swift */ = {isa = PBXFileReference; lastKnownFileType = sourcecode.swift; path = HostsFileWatcher.swift; sourceTree = "<group>"; };
		BE7F0711C9E6AE96BD4B0CE8 /* Focus.entitlements */ = {isa = PBXFileReference; lastKnownFileType = text.plist.entitlements; path = Focus.entitlements; sourceTree = "<group>"; };
		C0D0E427E151847034C00339 /* Info.plist */ = {isa = PBXFileReference; lastKnownFileType = text.plist; path = Info.plist; sourceTree = "<group>"; };
		D34F79E25C5476CDAE91322E /* FocusTests.xctest */ = {isa = PBXFileReference; explicitFileType = wrapper.cfbundle; includeInIndex = 0; path = FocusTests.xctest; sourceTree = BUILT_PRODUCTS_DIR; };
		D63FD0DFEB9923DB7A93B401 /* FocusHelper */ = {isa = PBXFileReference; includeInIndex = 0; path = FocusHelper; sourceTree = BUILT_PRODUCTS_DIR; };
		DA1D35FFEADB21BACCED9B79 /* MenuBarManager.swift */ = {isa = PBXFileReference; lastKnownFileType = sourcecode.swift; path = MenuBarManager.swift; sourceTree = "<group>"; };
		E7505453BEB8DD9672579890 /* OnboardingView.swift */ = {isa = PBXFileReference; lastKnownFileType = sourcecode.swift; path = OnboardingView.swift; sourceTree = "<group>"; };
		E77BB56AE5F650A59B7406FD /* BlockingRulesTests.swift */ = {isa = PBXFileReference; lastKnownFileType = sourcecode.swift; path = BlockingRulesTests.swift; sourceTree = "<group>"; };
		EAE4A4DD304A9A43F1F37FB1 /* ModeEngine.swift */ = {isa = PBXFileReference; lastKnownFileType = sourcecode.swift; path = ModeEngine.swift; sourceTree = "<group>"; };
/* End PBXFileReference section */

/* Begin PBXFrameworksBuildPhase section */
		DD74EEA9CE5E9C97FBF19478 /* Frameworks */ = {
			isa = PBXFrameworksBuildPhase;
			buildActionMask = 2147483647;
			files = (
				56F2D08A7854FE86B5F22C8C /* GRDB in Frameworks */,
			);
			runOnlyForDeploymentPostprocessing = 0;
		};
/* End PBXFrameworksBuildPhase section */

/* Begin PBXGroup section */
		2FEA2406739212F001F1653E /* Views */ = {
			isa = PBXGroup;
			children = (
				42826E92FB92A5CD5C3ABBC2 /* InterceptionWindow.swift */,
				DA1D35FFEADB21BACCED9B79 /* MenuBarManager.swift */,
				01B7E152BC26931113349139 /* MenuBarPopover.swift */,
				E7505453BEB8DD9672579890 /* OnboardingView.swift */,
				1C76009CC1213941F8D9F32F /* OverrideGateView.swift */,
			);
			path = Views;
			sourceTree = "<group>";
		};
		3407D554E3367533B2ED3E1E /* Models */ = {
			isa = PBXGroup;
			children = (
				833CF29B883A2FB98E93CD11 /* FocusMode.swift */,
				92D3320B4B08617FFC5C2867 /* Override.swift */,
				8903DFBFE91E572BABEA2C40 /* Session.swift */,
			);
			path = Models;
			sourceTree = "<group>";
		};
		44D1D2096755B58E066200D5 /* FocusHelper */ = {
			isa = PBXGroup;
			children = (
				94501653D77AD901A6618B61 /* HostsFileManager.swift */,
				05B64F3F99390599B394963D /* Info.plist */,
				3F582C39671FCD0DFE7D3860 /* main.swift */,
			);
			path = FocusHelper;
			sourceTree = "<group>";
		};
		49157F1C73D1D909C88A24B6 = {
			isa = PBXGroup;
			children = (
				D51BF3E7C7D6E3AF72778FDE /* Focus */,
				44D1D2096755B58E066200D5 /* FocusHelper */,
				6F7A057990F9B8932FF7196B /* Shared */,
				F2DE79F5221E28FCCDBD5DB1 /* Tests */,
				9EBF9967978A0245C0BE6BE1 /* Products */,
			);
			sourceTree = "<group>";
		};
		6F7A057990F9B8932FF7196B /* Shared */ = {
			isa = PBXGroup;
			children = (
				95758A52902000061A600BFC /* SharedConstants.swift */,
				47E08F1CC86D3A261B50872C /* XPCProtocol.swift */,
			);
			path = Shared;
			sourceTree = "<group>";
		};
		78785A1C0F8D5EEA70F2E269 /* Core */ = {
			isa = PBXGroup;
			children = (
				77BE1B7E8ECF5271132E33BE /* AppState.swift */,
				4C39D070E7343D478F2DFE66 /* BlockingEngine.swift */,
				EAE4A4DD304A9A43F1F37FB1 /* ModeEngine.swift */,
				3C427779EBE0B76329B6027D /* ScheduleEngine.swift */,
				4DFDCDCD6DDA6C92BC69F023 /* TimerEngine.swift */,
			);
			path = Core;
			sourceTree = "<group>";
		};
		9EBF9967978A0245C0BE6BE1 /* Products */ = {
			isa = PBXGroup;
			children = (
				518695297D7BAE60F854EF81 /* Focus.app */,
				D63FD0DFEB9923DB7A93B401 /* FocusHelper */,
				D34F79E25C5476CDAE91322E /* FocusTests.xctest */,
			);
			name = Products;
			sourceTree = "<group>";
		};
		A596DAD8405F40666C5601CF /* Services */ = {
			isa = PBXGroup;
			children = (
				AD33852147DF292E803C2A91 /* HostsFileWatcher.swift */,
				2048AEAB7AB0E195D3261EC0 /* LocationService.swift */,
				613D1E96FD012CD67E3740E0 /* NotificationService.swift */,
				1DD305B6D9F993163A578C2F /* WakeDetector.swift */,
				52EF3E7E65E26990644E8D18 /* XPCClient.swift */,
			);
			path = Services;
			sourceTree = "<group>";
		};
		BABC22050DDD11BF0D35816A /* Resources */ = {
			isa = PBXGroup;
			children = (
			);
			path = Resources;
			sourceTree = "<group>";
		};
		BDFD365C66EF439F835CAA97 /* Utilities */ = {
			isa = PBXGroup;
			children = (
				28A19E941C87187744B8A079 /* Constants.swift */,
				10039B928AE201B3C3E6824E /* Database.swift */,
				ABA23A2E6FD2028D5F3FB513 /* FocusError.swift */,
				84B7131F6335654FFF3DB1A7 /* SolarCalculator.swift */,
			);
			path = Utilities;
			sourceTree = "<group>";
		};
		D51BF3E7C7D6E3AF72778FDE /* Focus */ = {
			isa = PBXGroup;
			children = (
				BE7F0711C9E6AE96BD4B0CE8 /* Focus.entitlements */,
				A388CE6ABAEDA053B3E3C23A /* FocusApp.swift */,
				C0D0E427E151847034C00339 /* Info.plist */,
				78785A1C0F8D5EEA70F2E269 /* Core */,
				3407D554E3367533B2ED3E1E /* Models */,
				BABC22050DDD11BF0D35816A /* Resources */,
				A596DAD8405F40666C5601CF /* Services */,
				BDFD365C66EF439F835CAA97 /* Utilities */,
				2FEA2406739212F001F1653E /* Views */,
			);
			path = Focus;
			sourceTree = "<group>";
		};
		F2DE79F5221E28FCCDBD5DB1 /* Tests */ = {
			isa = PBXGroup;
			children = (
				E77BB56AE5F650A59B7406FD /* BlockingRulesTests.swift */,
			);
			path = Tests;
			sourceTree = "<group>";
		};
/* End PBXGroup section */

/* Begin PBXNativeTarget section */
		35E5616ADFD8C6FFC06698FB /* Focus */ = {
			isa = PBXNativeTarget;
			buildConfigurationList = 2CB8D65296355655A75EBD54 /* Build configuration list for PBXNativeTarget "Focus" */;
			buildPhases = (
				237CFCF817368DAAF3E7D580 /* Sources */,
				DD74EEA9CE5E9C97FBF19478 /* Frameworks */,
			);
			buildRules = (
			);
			dependencies = (
			);
			name = Focus;
			packageProductDependencies = (
				A95B6C1EF99D079BC4745C68 /* GRDB */,
			);
			productName = Focus;
			productReference = 518695297D7BAE60F854EF81 /* Focus.app */;
			productType = "com.apple.product-type.application";
		};
		54ECCD4F6C83C3FC948EFA34 /* FocusTests */ = {
			isa = PBXNativeTarget;
			buildConfigurationList = 13DA2FBE40CF022D03EA85E8 /* Build configuration list for PBXNativeTarget "FocusTests" */;
			buildPhases = (
				F88981F76203332D9E36B784 /* Sources */,
			);
			buildRules = (
			);
			dependencies = (
				BB29B2735FFDE5FE334E715E /* PBXTargetDependency */,
			);
			name = FocusTests;
			packageProductDependencies = (
			);
			productName = FocusTests;
			productReference = D34F79E25C5476CDAE91322E /* FocusTests.xctest */;
			productType = "com.apple.product-type.bundle.unit-test";
		};
		619BCDA7CF2BC403F195E8C8 /* FocusHelper */ = {
			isa = PBXNativeTarget;
			buildConfigurationList = DD780E8C361C305236E3BCB6 /* Build configuration list for PBXNativeTarget "FocusHelper" */;
			buildPhases = (
				0F6FAA3DC2D788156D3A5505 /* Sources */,
			);
			buildRules = (
			);
			dependencies = (
			);
			name = FocusHelper;
			packageProductDependencies = (
			);
			productName = FocusHelper;
			productReference = D63FD0DFEB9923DB7A93B401 /* FocusHelper */;
			productType = "com.apple.product-type.tool";
		};
/* End PBXNativeTarget section */

/* Begin PBXProject section */
		B9510AFBA5575B4A10DD7DE3 /* Project object */ = {
			isa = PBXProject;
			attributes = {
				BuildIndependentTargetsInParallel = YES;
				LastUpgradeCheck = 1620;
			};
			buildConfigurationList = 226E5551565773B903BCC2B3 /* Build configuration list for PBXProject "Focus" */;
			compatibilityVersion = "Xcode 14.0";
			developmentRegion = en;
			hasScannedForEncodings = 0;
			knownRegions = (
				Base,
				en,
			);
			mainGroup = 49157F1C73D1D909C88A24B6;
			minimizedProjectReferenceProxies = 1;
			packageReferences = (
				FBBDE646D9A7503720ACC77A /* XCRemoteSwiftPackageReference "GRDB.swift" */,
			);
			preferredProjectObjectVersion = 77;
			projectDirPath = "";
			projectRoot = "";
			targets = (
				35E5616ADFD8C6FFC06698FB /* Focus */,
				619BCDA7CF2BC403F195E8C8 /* FocusHelper */,
				54ECCD4F6C83C3FC948EFA34 /* FocusTests */,
			);
		};
/* End PBXProject section */

/* Begin PBXSourcesBuildPhase section */
		0F6FAA3DC2D788156D3A5505 /* Sources */ = {
			isa = PBXSourcesBuildPhase;
			buildActionMask = 2147483647;
			files = (
				00DF7F3AB0EF8DC2F96A5C66 /* HostsFileManager.swift in Sources */,
				FACE1F1BC80966AF586B8813 /* SharedConstants.swift in Sources */,
				FA0BE4D5B6CA4924F5972CA1 /* XPCProtocol.swift in Sources */,
				59146943663A0DD806F16888 /* main.swift in Sources */,
			);
			runOnlyForDeploymentPostprocessing = 0;
		};
		237CFCF817368DAAF3E7D580 /* Sources */ = {
			isa = PBXSourcesBuildPhase;
			buildActionMask = 2147483647;
			files = (
				66091E93CE0D905275E91B56 /* AppState.swift in Sources */,
				88BA0ED7B12BD02C035AEAF8 /* BlockingEngine.swift in Sources */,
				9F671A250BDFCD91AEC010AB /* Constants.swift in Sources */,
				C0E251390EDEED4A5FC74A8C /* Database.swift in Sources */,
				9B436F1110C57798AA5270EB /* FocusApp.swift in Sources */,
				6E7836201D3318C149A00A8C /* FocusError.swift in Sources */,
				FF14896B287A76BE8C317D97 /* FocusMode.swift in Sources */,
				D2A5C5E6E3721B4CB397B232 /* HostsFileWatcher.swift in Sources */,
				AAF0D6FC55C1B886617DE9C0 /* InterceptionWindow.swift in Sources */,
				C638D14AEF518E7E7D483855 /* LocationService.swift in Sources */,
				844D4102C8820659E4947C45 /* MenuBarManager.swift in Sources */,
				86DFF87A5D28866E5279A3E6 /* MenuBarPopover.swift in Sources */,
				23119C4EC11D1438E70762BA /* ModeEngine.swift in Sources */,
				703598491A25D1AB5587F5C2 /* NotificationService.swift in Sources */,
				B1C99AD2B3D7B0C5E34195EA /* OnboardingView.swift in Sources */,
				DC6BE7C0ADE27D31D1F56E14 /* Override.swift in Sources */,
				1C1D4B59E938236353C4B444 /* OverrideGateView.swift in Sources */,
				F7AE10C10417451899FE1C88 /* ScheduleEngine.swift in Sources */,
				9C4447722FA0DCF98A51DAC5 /* Session.swift in Sources */,
				6BF1E42CF100ACE553C2447C /* SharedConstants.swift in Sources */,
				2E1FCC77F8C171333677BDB8 /* SolarCalculator.swift in Sources */,
				3E023858424C1FF83F4FFE4F /* TimerEngine.swift in Sources */,
				18E1CDB44E329A99EFE7EC97 /* WakeDetector.swift in Sources */,
				D694A695AEE8C5CF3B2017BB /* XPCClient.swift in Sources */,
				14107FA2AD9B512BB5CA8013 /* XPCProtocol.swift in Sources */,
			);
			runOnlyForDeploymentPostprocessing = 0;
		};
		F88981F76203332D9E36B784 /* Sources */ = {
			isa = PBXSourcesBuildPhase;
			buildActionMask = 2147483647;
			files = (
				A970072917D97D379F751E32 /* BlockingRulesTests.swift in Sources */,
			);
			runOnlyForDeploymentPostprocessing = 0;
		};
/* End PBXSourcesBuildPhase section */

/* Begin PBXTargetDependency section */
		BB29B2735FFDE5FE334E715E /* PBXTargetDependency */ = {
			isa = PBXTargetDependency;
			target = 35E5616ADFD8C6FFC06698FB /* Focus */;
			targetProxy = 1C6D9D0FFB997197F62952FD /* PBXContainerItemProxy */;
		};
/* End PBXTargetDependency section */

/* Begin XCBuildConfiguration section */
		06E5C4DB70A6DAE3D544C6F8 /* Debug */ = {
			isa = XCBuildConfiguration;
			buildSettings = {
				BUNDLE_LOADER = "$(TEST_HOST)";
				COMBINE_HIDPI_IMAGES = YES;
				LD_RUNPATH_SEARCH_PATHS = (
					"$(inherited)",
					"@executable_path/../Frameworks",
					"@loader_path/../Frameworks",
				);
				PRODUCT_BUNDLE_IDENTIFIER = com.focus.tests;
				SDKROOT = macosx;
				TEST_HOST = "$(BUILT_PRODUCTS_DIR)/Focus.app/Contents/MacOS/Focus";
			};
			name = Debug;
		};
		38DAA15B1868BE6CFC243382 /* Debug */ = {
			isa = XCBuildConfiguration;
			buildSettings = {
				CODE_SIGNING_REQUIRED = NO;
				CODE_SIGN_IDENTITY = "-";
				COMBINE_HIDPI_IMAGES = YES;
				INFOPLIST_FILE = FocusHelper/Info.plist;
				INSTALL_PATH = /Library/PrivilegedHelperTools;
				LD_RUNPATH_SEARCH_PATHS = (
					"$(inherited)",
					"@executable_path/../Frameworks",
				);
				PRODUCT_BUNDLE_IDENTIFIER = com.focus.helper;
				SDKROOT = macosx;
				SWIFT_STRICT_CONCURRENCY = complete;
			};
			name = Debug;
		};
		8587521BD5105618BCD77254 /* Release */ = {
			isa = XCBuildConfiguration;
			buildSettings = {
				ASSETCATALOG_COMPILER_APPICON_NAME = AppIcon;
				CODE_SIGNING_REQUIRED = NO;
				CODE_SIGN_ENTITLEMENTS = Focus/Focus.entitlements;
				CODE_SIGN_IDENTITY = "-";
				COMBINE_HIDPI_IMAGES = YES;
				ENABLE_APP_SANDBOX = NO;
				INFOPLIST_FILE = Focus/Info.plist;
				LD_RUNPATH_SEARCH_PATHS = "@executable_path/../Frameworks";
				PRODUCT_BUNDLE_IDENTIFIER = com.focus.app;
				SDKROOT = macosx;
				SWIFT_STRICT_CONCURRENCY = complete;
			};
			name = Release;
		};
		9731F43DCE78734089DEA006 /* Debug */ = {
			isa = XCBuildConfiguration;
			buildSettings = {
				ASSETCATALOG_COMPILER_APPICON_NAME = AppIcon;
				CODE_SIGNING_REQUIRED = NO;
				CODE_SIGN_ENTITLEMENTS = Focus/Focus.entitlements;
				CODE_SIGN_IDENTITY = "-";
				COMBINE_HIDPI_IMAGES = YES;
				ENABLE_APP_SANDBOX = NO;
				INFOPLIST_FILE = Focus/Info.plist;
				LD_RUNPATH_SEARCH_PATHS = "@executable_path/../Frameworks";
				PRODUCT_BUNDLE_IDENTIFIER = com.focus.app;
				SDKROOT = macosx;
				SWIFT_STRICT_CONCURRENCY = complete;
			};
			name = Debug;
		};
		D804EC5024E3F9014ED8B601 /* Release */ = {
			isa = XCBuildConfiguration;
			buildSettings = {
				CODE_SIGNING_REQUIRED = NO;
				CODE_SIGN_IDENTITY = "-";
				COMBINE_HIDPI_IMAGES = YES;
				INFOPLIST_FILE = FocusHelper/Info.plist;
				INSTALL_PATH = /Library/PrivilegedHelperTools;
				LD_RUNPATH_SEARCH_PATHS = (
					"$(inherited)",
					"@executable_path/../Frameworks",
				);
				PRODUCT_BUNDLE_IDENTIFIER = com.focus.helper;
				SDKROOT = macosx;
				SWIFT_STRICT_CONCURRENCY = complete;
			};
			name = Release;
		};
		D88B7B0D4E23758FF2811328 /* Release */ = {
			isa = XCBuildConfiguration;
			buildSettings = {
				ALWAYS_SEARCH_USER_PATHS = NO;
				CLANG_ANALYZER_NONNULL = YES;
				CLANG_ANALYZER_NUMBER_OBJECT_CONVERSION = YES_AGGRESSIVE;
				CLANG_CXX_LANGUAGE_STANDARD = "gnu++14";
				CLANG_CXX_LIBRARY = "libc++";
				CLANG_ENABLE_MODULES = YES;
				CLANG_ENABLE_OBJC_ARC = YES;
				CLANG_ENABLE_OBJC_WEAK = YES;
				CLANG_WARN_BLOCK_CAPTURE_AUTORELEASING = YES;
				CLANG_WARN_BOOL_CONVERSION = YES;
				CLANG_WARN_COMMA = YES;
				CLANG_WARN_CONSTANT_CONVERSION = YES;
				CLANG_WARN_DEPRECATED_OBJC_IMPLEMENTATIONS = YES;
				CLANG_WARN_DIRECT_OBJC_ISA_USAGE = YES_ERROR;
				CLANG_WARN_DOCUMENTATION_COMMENTS = YES;
				CLANG_WARN_EMPTY_BODY = YES;
				CLANG_WARN_ENUM_CONVERSION = YES;
				CLANG_WARN_INFINITE_RECURSION = YES;
				CLANG_WARN_INT_CONVERSION = YES;
				CLANG_WARN_NON_LITERAL_NULL_CONVERSION = YES;
				CLANG_WARN_OBJC_IMPLICIT_RETAIN_SELF = YES;
				CLANG_WARN_OBJC_LITERAL_CONVERSION = YES;
				CLANG_WARN_OBJC_ROOT_CLASS = YES_ERROR;
				CLANG_WARN_QUOTED_INCLUDE_IN_FRAMEWORK_HEADER = YES;
				CLANG_WARN_RANGE_LOOP_ANALYSIS = YES;
				CLANG_WARN_STRICT_PROTOTYPES = YES;
				CLANG_WARN_SUSPICIOUS_MOVE = YES;
				CLANG_WARN_UNGUARDED_AVAILABILITY = YES_AGGRESSIVE;
				CLANG_WARN_UNREACHABLE_CODE = YES;
				CLANG_WARN__DUPLICATE_METHOD_MATCH = YES;
				COPY_PHASE_STRIP = NO;
				DEBUG_INFORMATION_FORMAT = "dwarf-with-dsym";
				ENABLE_NS_ASSERTIONS = NO;
				ENABLE_STRICT_OBJC_MSGSEND = YES;
				GCC_C_LANGUAGE_STANDARD = gnu11;
				GCC_NO_COMMON_BLOCKS = YES;
				GCC_WARN_64_TO_32_BIT_CONVERSION = YES;
				GCC_WARN_ABOUT_RETURN_TYPE = YES_ERROR;
				GCC_WARN_UNDECLARED_SELECTOR = YES;
				GCC_WARN_UNINITIALIZED_AUTOS = YES_AGGRESSIVE;
				GCC_WARN_UNUSED_FUNCTION = YES;
				GCC_WARN_UNUSED_VARIABLE = YES;
				MACOSX_DEPLOYMENT_TARGET = 15.0;
				MTL_ENABLE_DEBUG_INFO = NO;
				MTL_FAST_MATH = YES;
				PRODUCT_NAME = "$(TARGET_NAME)";
				SDKROOT = macosx;
				SWIFT_COMPILATION_MODE = wholemodule;
				SWIFT_OPTIMIZATION_LEVEL = "-O";
				SWIFT_VERSION = 6.0;
			};
			name = Release;
		};
		E544AE2569DED7DA8290CC49 /* Release */ = {
			isa = XCBuildConfiguration;
			buildSettings = {
				BUNDLE_LOADER = "$(TEST_HOST)";
				COMBINE_HIDPI_IMAGES = YES;
				LD_RUNPATH_SEARCH_PATHS = (
					"$(inherited)",
					"@executable_path/../Frameworks",
					"@loader_path/../Frameworks",
				);
				PRODUCT_BUNDLE_IDENTIFIER = com.focus.tests;
				SDKROOT = macosx;
				TEST_HOST = "$(BUILT_PRODUCTS_DIR)/Focus.app/Contents/MacOS/Focus";
			};
			name = Release;
		};
		FD6999CF2031467FE830AC52 /* Debug */ = {
			isa = XCBuildConfiguration;
			buildSettings = {
				ALWAYS_SEARCH_USER_PATHS = NO;
				CLANG_ANALYZER_NONNULL = YES;
				CLANG_ANALYZER_NUMBER_OBJECT_CONVERSION = YES_AGGRESSIVE;
				CLANG_CXX_LANGUAGE_STANDARD = "gnu++14";
				CLANG_CXX_LIBRARY = "libc++";
				CLANG_ENABLE_MODULES = YES;
				CLANG_ENABLE_OBJC_ARC = YES;
				CLANG_ENABLE_OBJC_WEAK = YES;
				CLANG_WARN_BLOCK_CAPTURE_AUTORELEASING = YES;
				CLANG_WARN_BOOL_CONVERSION = YES;
				CLANG_WARN_COMMA = YES;
				CLANG_WARN_CONSTANT_CONVERSION = YES;
				CLANG_WARN_DEPRECATED_OBJC_IMPLEMENTATIONS = YES;
				CLANG_WARN_DIRECT_OBJC_ISA_USAGE = YES_ERROR;
				CLANG_WARN_DOCUMENTATION_COMMENTS = YES;
				CLANG_WARN_EMPTY_BODY = YES;
				CLANG_WARN_ENUM_CONVERSION = YES;
				CLANG_WARN_INFINITE_RECURSION = YES;
				CLANG_WARN_INT_CONVERSION = YES;
				CLANG_WARN_NON_LITERAL_NULL_CONVERSION = YES;
				CLANG_WARN_OBJC_IMPLICIT_RETAIN_SELF = YES;
				CLANG_WARN_OBJC_LITERAL_CONVERSION = YES;
				CLANG_WARN_OBJC_ROOT_CLASS = YES_ERROR;
				CLANG_WARN_QUOTED_INCLUDE_IN_FRAMEWORK_HEADER = YES;
				CLANG_WARN_RANGE_LOOP_ANALYSIS = YES;
				CLANG_WARN_STRICT_PROTOTYPES = YES;
				CLANG_WARN_SUSPICIOUS_MOVE = YES;
				CLANG_WARN_UNGUARDED_AVAILABILITY = YES_AGGRESSIVE;
				CLANG_WARN_UNREACHABLE_CODE = YES;
				CLANG_WARN__DUPLICATE_METHOD_MATCH = YES;
				COPY_PHASE_STRIP = NO;
				DEBUG_INFORMATION_FORMAT = dwarf;
				ENABLE_STRICT_OBJC_MSGSEND = YES;
				ENABLE_TESTABILITY = YES;
				GCC_C_LANGUAGE_STANDARD = gnu11;
				GCC_DYNAMIC_NO_PIC = NO;
				GCC_NO_COMMON_BLOCKS = YES;
				GCC_OPTIMIZATION_LEVEL = 0;
				GCC_PREPROCESSOR_DEFINITIONS = (
					"$(inherited)",
					"DEBUG=1",
				);
				GCC_WARN_64_TO_32_BIT_CONVERSION = YES;
				GCC_WARN_ABOUT_RETURN_TYPE = YES_ERROR;
				GCC_WARN_UNDECLARED_SELECTOR = YES;
				GCC_WARN_UNINITIALIZED_AUTOS = YES_AGGRESSIVE;
				GCC_WARN_UNUSED_FUNCTION = YES;
				GCC_WARN_UNUSED_VARIABLE = YES;
				MACOSX_DEPLOYMENT_TARGET = 15.0;
				MTL_ENABLE_DEBUG_INFO = INCLUDE_SOURCE;
				MTL_FAST_MATH = YES;
				ONLY_ACTIVE_ARCH = YES;
				PRODUCT_NAME = "$(TARGET_NAME)";
				SDKROOT = macosx;
				SWIFT_ACTIVE_COMPILATION_CONDITIONS = DEBUG;
				SWIFT_OPTIMIZATION_LEVEL = "-Onone";
				SWIFT_VERSION = 6.0;
			};
			name = Debug;
		};
/* End XCBuildConfiguration section */

/* Begin XCConfigurationList section */
		13DA2FBE40CF022D03EA85E8 /* Build configuration list for PBXNativeTarget "FocusTests" */ = {
			isa = XCConfigurationList;
			buildConfigurations = (
				06E5C4DB70A6DAE3D544C6F8 /* Debug */,
				E544AE2569DED7DA8290CC49 /* Release */,
			);
			defaultConfigurationIsVisible = 0;
			defaultConfigurationName = Debug;
		};
		226E5551565773B903BCC2B3 /* Build configuration list for PBXProject "Focus" */ = {
			isa = XCConfigurationList;
			buildConfigurations = (
				FD6999CF2031467FE830AC52 /* Debug */,
				D88B7B0D4E23758FF2811328 /* Release */,
			);
			defaultConfigurationIsVisible = 0;
			defaultConfigurationName = Debug;
		};
		2CB8D65296355655A75EBD54 /* Build configuration list for PBXNativeTarget "Focus" */ = {
			isa = XCConfigurationList;
			buildConfigurations = (
				9731F43DCE78734089DEA006 /* Debug */,
				8587521BD5105618BCD77254 /* Release */,
			);
			defaultConfigurationIsVisible = 0;
			defaultConfigurationName = Debug;
		};
		DD780E8C361C305236E3BCB6 /* Build configuration list for PBXNativeTarget "FocusHelper" */ = {
			isa = XCConfigurationList;
			buildConfigurations = (
				38DAA15B1868BE6CFC243382 /* Debug */,
				D804EC5024E3F9014ED8B601 /* Release */,
			);
			defaultConfigurationIsVisible = 0;
			defaultConfigurationName = Debug;
		};
/* End XCConfigurationList section */

/* Begin XCRemoteSwiftPackageReference section */
		FBBDE646D9A7503720ACC77A /* XCRemoteSwiftPackageReference "GRDB.swift" */ = {
			isa = XCRemoteSwiftPackageReference;
			repositoryURL = "https://github.com/groue/GRDB.swift";
			requirement = {
				kind = upToNextMajorVersion;
				minimumVersion = 7.4.1;
			};
		};
/* End XCRemoteSwiftPackageReference section */

/* Begin XCSwiftPackageProductDependency section */
		A95B6C1EF99D079BC4745C68 /* GRDB */ = {
			isa = XCSwiftPackageProductDependency;
			package = FBBDE646D9A7503720ACC77A /* XCRemoteSwiftPackageReference "GRDB.swift" */;
			productName = GRDB;
		};
/* End XCSwiftPackageProductDependency section */
	};
	rootObject = B9510AFBA5575B4A10DD7DE3 /* Project object */;
}
